
Microsoft Visual Studio Solution File, Format Version 12.00
# Visual Studio 2013
VisualStudioVersion = 12.0.31101.0
MinimumVisualStudioVersion = 10.0.40219.1
Project("{FAE04EC0-301F-11D3-BF4B-00C04F79EFBC}") = "TeamProjectWeb", "TeamProjectWeb\TeamProjectWeb.csproj", "{86CADB26-5817-46B6-88C7-76D5753722C3}"
EndProject
Project("{FAE04EC0-301F-11D3-BF4B-00C04F79EFBC}") = "TeamProject.Data", "Project.Data\TeamProject.Data.csproj", "{6E8A4DE7-8D81-454D-8A90-442F25D25D4C}"
EndProject
Project("{FAE04EC0-301F-11D3-BF4B-00C04F79EFBC}") = "Core.Common.Contracts", "Project.Common.Contracts\Core.Common.Contracts.csproj", "{FCAB04C6-7593-4BCA-9570-133EB97D63ED}"
EndProject
Project("{FAE04EC0-301F-11D3-BF4B-00C04F79EFBC}") = "Core.Common", "Core.Common\Core.Common.csproj", "{2A2FB501-B8B2-4833-9B47-D691EA63A23C}"
EndProject
Project("{FAE04EC0-301F-11D3-BF4B-00C04F79EFBC}") = "TeamProject.Data.Contracts", "Project.Data.Contracts\TeamProject.Data.Contracts.csproj", "{41AFCA31-B89B-4F13-8568-640425FB3747}"
EndProject
Project("{2150E333-8FDC-42A3-9474-1A3956D46DE8}") = "Business", "Business", "{0E847D69-9176-4C78-A291-423A416A5169}"
EndProject
Project("{2150E333-8FDC-42A3-9474-1A3956D46DE8}") = "Core", "Core", "{EEBD9859-A39C-4BA8-9D2F-E07F435A04B0}"
EndProject
Project("{FAE04EC0-301F-11D3-BF4B-00C04F79EFBC}") = "TeamProject.Business.Entities", "Project.Business.Entities\TeamProject.Business.Entities.csproj", "{FCAFECBD-8F33-4530-B49C-054B4F700C7F}"
EndProject
Project("{2150E333-8FDC-42A3-9474-1A3956D46DE8}") = "Data", "Data", "{1D8CEE22-4BF5-45FD-924F-F0627A19A19E}"
EndProject
Project("{2150E333-8FDC-42A3-9474-1A3956D46DE8}") = "Tests", "Tests", "{3D62DEF4-4541-474A-98A7-2F7AE19B7D03}"
EndProject
Project("{FAE04EC0-301F-11D3-BF4B-00C04F79EFBC}") = "TeamProject.Data.Tests", "TeamProject.Data.Tests\TeamProject.Data.Tests.csproj", "{559F9817-D7FF-407A-878F-4F9ED966E7C6}"
EndProject
Project("{FAE04EC0-301F-11D3-BF4B-00C04F79EFBC}") = "TeamProject.Business", "TeamProject.Business\TeamProject.Business.csproj", "{F9224BBC-336A-45C8-89AF-D9E72A48A8C2}"
EndProject
Project("{FAE04EC0-301F-11D3-BF4B-00C04F79EFBC}") = "TeamProject.Business.Common", "TeamProject.Business.Common\TeamProject.Business.Common.csproj", "{F8BA5486-8076-4142-B892-406FDADCB2EF}"
EndProject
Project("{FAE04EC0-301F-11D3-BF4B-00C04F79EFBC}") = "TeamProject.Business.Managers", "TeamProject.Business.Managers\TeamProject.Business.Managers.csproj", "{80EB99B1-E569-4EF4-B644-9EE841CFF902}"
EndProject
Project("{FAE04EC0-301F-11D3-BF4B-00C04F79EFBC}") = "TeamProject.Business.Contracts", "TeamProject.Business.Contracts\TeamProject.Business.Contracts.csproj", "{34E7D647-B840-4220-B3C4-0F6176BFAD4B}"
EndProject
Project("{2150E333-8FDC-42A3-9474-1A3956D46DE8}") = "Common", "Common", "{29678F07-DBD5-4B0F-9A9B-FAEEF59EAE0F}"
EndProject
Project("{FAE04EC0-301F-11D3-BF4B-00C04F79EFBC}") = "TeamProject.Common", "TeamProject.Common\TeamProject.Common.csproj", "{89AD3CB6-D7B2-45AA-A91E-A872F36FCA93}"
EndProject
Global
	GlobalSection(SolutionConfigurationPlatforms) = preSolution
		Debug|Any CPU = Debug|Any CPU
		Release|Any CPU = Release|Any CPU
	EndGlobalSection
	GlobalSection(ProjectConfigurationPlatforms) = postSolution
		{86CADB26-5817-46B6-88C7-76D5753722C3}.Debug|Any CPU.ActiveCfg = Debug|Any CPU
		{86CADB26-5817-46B6-88C7-76D5753722C3}.Debug|Any CPU.Build.0 = Debug|Any CPU
		{86CADB26-5817-46B6-88C7-76D5753722C3}.Release|Any CPU.ActiveCfg = Release|Any CPU
		{86CADB26-5817-46B6-88C7-76D5753722C3}.Release|Any CPU.Build.0 = Release|Any CPU
		{6E8A4DE7-8D81-454D-8A90-442F25D25D4C}.Debug|Any CPU.ActiveCfg = Debug|Any CPU
		{6E8A4DE7-8D81-454D-8A90-442F25D25D4C}.Debug|Any CPU.Build.0 = Debug|Any CPU
		{6E8A4DE7-8D81-454D-8A90-442F25D25D4C}.Release|Any CPU.ActiveCfg = Release|Any CPU
		{6E8A4DE7-8D81-454D-8A90-442F25D25D4C}.Release|Any CPU.Build.0 = Release|Any CPU
		{FCAB04C6-7593-4BCA-9570-133EB97D63ED}.Debug|Any CPU.ActiveCfg = Debug|Any CPU
		{FCAB04C6-7593-4BCA-9570-133EB97D63ED}.Debug|Any CPU.Build.0 = Debug|Any CPU
		{FCAB04C6-7593-4BCA-9570-133EB97D63ED}.Release|Any CPU.ActiveCfg = Release|Any CPU
		{FCAB04C6-7593-4BCA-9570-133EB97D63ED}.Release|Any CPU.Build.0 = Release|Any CPU
		{2A2FB501-B8B2-4833-9B47-D691EA63A23C}.Debug|Any CPU.ActiveCfg = Debug|Any CPU
		{2A2FB501-B8B2-4833-9B47-D691EA63A23C}.Debug|Any CPU.Build.0 = Debug|Any CPU
		{2A2FB501-B8B2-4833-9B47-D691EA63A23C}.Release|Any CPU.ActiveCfg = Release|Any CPU
		{2A2FB501-B8B2-4833-9B47-D691EA63A23C}.Release|Any CPU.Build.0 = Release|Any CPU
		{41AFCA31-B89B-4F13-8568-640425FB3747}.Debug|Any CPU.ActiveCfg = Debug|Any CPU
		{41AFCA31-B89B-4F13-8568-640425FB3747}.Debug|Any CPU.Build.0 = Debug|Any CPU
		{41AFCA31-B89B-4F13-8568-640425FB3747}.Release|Any CPU.ActiveCfg = Release|Any CPU
		{41AFCA31-B89B-4F13-8568-640425FB3747}.Release|Any CPU.Build.0 = Release|Any CPU
		{FCAFECBD-8F33-4530-B49C-054B4F700C7F}.Debug|Any CPU.ActiveCfg = Debug|Any CPU
		{FCAFECBD-8F33-4530-B49C-054B4F700C7F}.Debug|Any CPU.Build.0 = Debug|Any CPU
		{FCAFECBD-8F33-4530-B49C-054B4F700C7F}.Release|Any CPU.ActiveCfg = Release|Any CPU
		{FCAFECBD-8F33-4530-B49C-054B4F700C7F}.Release|Any CPU.Build.0 = Release|Any CPU
		{559F9817-D7FF-407A-878F-4F9ED966E7C6}.Debug|Any CPU.ActiveCfg = Debug|Any CPU
		{559F9817-D7FF-407A-878F-4F9ED966E7C6}.Debug|Any CPU.Build.0 = Debug|Any CPU
		{559F9817-D7FF-407A-878F-4F9ED966E7C6}.Release|Any CPU.ActiveCfg = Release|Any CPU
		{559F9817-D7FF-407A-878F-4F9ED966E7C6}.Release|Any CPU.Build.0 = Release|Any CPU
		{F9224BBC-336A-45C8-89AF-D9E72A48A8C2}.Debug|Any CPU.ActiveCfg = Debug|Any CPU
		{F9224BBC-336A-45C8-89AF-D9E72A48A8C2}.Debug|Any CPU.Build.0 = Debug|Any CPU
		{F9224BBC-336A-45C8-89AF-D9E72A48A8C2}.Release|Any CPU.ActiveCfg = Release|Any CPU
		{F9224BBC-336A-45C8-89AF-D9E72A48A8C2}.Release|Any CPU.Build.0 = Release|Any CPU
		{F8BA5486-8076-4142-B892-406FDADCB2EF}.Debug|Any CPU.ActiveCfg = Debug|Any CPU
		{F8BA5486-8076-4142-B892-406FDADCB2EF}.Debug|Any CPU.Build.0 = Debug|Any CPU
		{F8BA5486-8076-4142-B892-406FDADCB2EF}.Release|Any CPU.ActiveCfg = Release|Any CPU
		{F8BA5486-8076-4142-B892-406FDADCB2EF}.Release|Any CPU.Build.0 = Release|Any CPU
		{80EB99B1-E569-4EF4-B644-9EE841CFF902}.Debug|Any CPU.ActiveCfg = Debug|Any CPU
		{80EB99B1-E569-4EF4-B644-9EE841CFF902}.Debug|Any CPU.Build.0 = Debug|Any CPU
		{80EB99B1-E569-4EF4-B644-9EE841CFF902}.Release|Any CPU.ActiveCfg = Release|Any CPU
		{80EB99B1-E569-4EF4-B644-9EE841CFF902}.Release|Any CPU.Build.0 = Release|Any CPU
		{34E7D647-B840-4220-B3C4-0F6176BFAD4B}.Debug|Any CPU.ActiveCfg = Debug|Any CPU
		{34E7D647-B840-4220-B3C4-0F6176BFAD4B}.Debug|Any CPU.Build.0 = Debug|Any CPU
		{34E7D647-B840-4220-B3C4-0F6176BFAD4B}.Release|Any CPU.ActiveCfg = Release|Any CPU
		{34E7D647-B840-4220-B3C4-0F6176BFAD4B}.Release|Any CPU.Build.0 = Release|Any CPU
		{89AD3CB6-D7B2-45AA-A91E-A872F36FCA93}.Debug|Any CPU.ActiveCfg = Debug|Any CPU
		{89AD3CB6-D7B2-45AA-A91E-A872F36FCA93}.Debug|Any CPU.Build.0 = Debug|Any CPU
		{89AD3CB6-D7B2-45AA-A91E-A872F36FCA93}.Release|Any CPU.ActiveCfg = Release|Any CPU
		{89AD3CB6-D7B2-45AA-A91E-A872F36FCA93}.Release|Any CPU.Build.0 = Release|Any CPU
	EndGlobalSection
	GlobalSection(SolutionProperties) = preSolution
		HideSolutionNode = FALSE
	EndGlobalSection
	GlobalSection(NestedProjects) = preSolution
		{6E8A4DE7-8D81-454D-8A90-442F25D25D4C} = {1D8CEE22-4BF5-45FD-924F-F0627A19A19E}
		{FCAB04C6-7593-4BCA-9570-133EB97D63ED} = {EEBD9859-A39C-4BA8-9D2F-E07F435A04B0}
		{2A2FB501-B8B2-4833-9B47-D691EA63A23C} = {EEBD9859-A39C-4BA8-9D2F-E07F435A04B0}
		{41AFCA31-B89B-4F13-8568-640425FB3747} = {1D8CEE22-4BF5-45FD-924F-F0627A19A19E}
		{FCAFECBD-8F33-4530-B49C-054B4F700C7F} = {0E847D69-9176-4C78-A291-423A416A5169}
		{559F9817-D7FF-407A-878F-4F9ED966E7C6} = {3D62DEF4-4541-474A-98A7-2F7AE19B7D03}
		{F9224BBC-336A-45C8-89AF-D9E72A48A8C2} = {0E847D69-9176-4C78-A291-423A416A5169}
		{F8BA5486-8076-4142-B892-406FDADCB2EF} = {0E847D69-9176-4C78-A291-423A416A5169}
		{80EB99B1-E569-4EF4-B644-9EE841CFF902} = {0E847D69-9176-4C78-A291-423A416A5169}
		{34E7D647-B840-4220-B3C4-0F6176BFAD4B} = {0E847D69-9176-4C78-A291-423A416A5169}
		{89AD3CB6-D7B2-45AA-A91E-A872F36FCA93} = {29678F07-DBD5-4B0F-9A9B-FAEEF59EAE0F}
	EndGlobalSection
EndGlobal
